
Microsoft Visual Studio Solution File, Format Version 12.00
# Visual Studio Version 17
VisualStudioVersion = 17.6.33815.320
MinimumVisualStudioVersion = 10.0.40219.1
Project("{9A19103F-16F7-4668-BE54-9A1E7A4F7556}") = "MetafrasiSS", "MetafrasiSS.csproj", "{47B58545-72CB-40CC-91BF-559E82DA80A0}"
EndProject
Project("{9A19103F-16F7-4668-BE54-9A1E7A4F7556}") = "MetafrasiSS.Domain", "..\MetafrasiSS.Domain\MetafrasiSS.Domain.csproj", "{022C2068-6B83-4E7D-BD4D-3F9DC36F82EB}"
EndProject
Project("{2150E333-8FDC-42A3-9474-1A3956D46DE8}") = "Solution Items", "Solution Items", "{8327A695-D9F1-4D84-9470-10A3CDDAAE7B}"
	ProjectSection(SolutionItems) = preProject
		..\.editorconfig = ..\.editorconfig
	EndProjectSection
EndProject
Project("{9A19103F-16F7-4668-BE54-9A1E7A4F7556}") = "MetafrasiSS.Infra", "..\MetafrasiSS.Infra\MetafrasiSS.Infra.csproj", "{F7E25071-A8D1-4D24-8A3F-B10055868444}"
EndProject
Project("{FAE04EC0-301F-11D3-BF4B-00C04F79EFBC}") = "MetafrasiSS.Application", "..\MetafrasiSS.Application\MetafrasiSS.Application.csproj", "{E1F5BFD2-323D-404F-8B14-467B935C1855}"
EndProject
Global
	GlobalSection(SolutionConfigurationPlatforms) = preSolution
		Debug|Any CPU = Debug|Any CPU
		Release|Any CPU = Release|Any CPU
	EndGlobalSection
	GlobalSection(ProjectConfigurationPlatforms) = postSolution
		{47B58545-72CB-40CC-91BF-559E82DA80A0}.Debug|Any CPU.ActiveCfg = Debug|Any CPU
		{47B58545-72CB-40CC-91BF-559E82DA80A0}.Debug|Any CPU.Build.0 = Debug|Any CPU
		{47B58545-72CB-40CC-91BF-559E82DA80A0}.Release|Any CPU.ActiveCfg = Release|Any CPU
		{47B58545-72CB-40CC-91BF-559E82DA80A0}.Release|Any CPU.Build.0 = Release|Any CPU
		{022C2068-6B83-4E7D-BD4D-3F9DC36F82EB}.Debug|Any CPU.ActiveCfg = Debug|Any CPU
		{022C2068-6B83-4E7D-BD4D-3F9DC36F82EB}.Debug|Any CPU.Build.0 = Debug|Any CPU
		{022C2068-6B83-4E7D-BD4D-3F9DC36F82EB}.Release|Any CPU.ActiveCfg = Release|Any CPU
		{022C2068-6B83-4E7D-BD4D-3F9DC36F82EB}.Release|Any CPU.Build.0 = Release|Any CPU
		{F7E25071-A8D1-4D24-8A3F-B10055868444}.Debug|Any CPU.ActiveCfg = Debug|Any CPU
		{F7E25071-A8D1-4D24-8A3F-B10055868444}.Debug|Any CPU.Build.0 = Debug|Any CPU
		{F7E25071-A8D1-4D24-8A3F-B10055868444}.Release|Any CPU.ActiveCfg = Release|Any CPU
		{F7E25071-A8D1-4D24-8A3F-B10055868444}.Release|Any CPU.Build.0 = Release|Any CPU
		{E1F5BFD2-323D-404F-8B14-467B935C1855}.Debug|Any CPU.ActiveCfg = Debug|Any CPU
		{E1F5BFD2-323D-404F-8B14-467B935C1855}.Debug|Any CPU.Build.0 = Debug|Any CPU
		{E1F5BFD2-323D-404F-8B14-467B935C1855}.Release|Any CPU.ActiveCfg = Release|Any CPU
		{E1F5BFD2-323D-404F-8B14-467B935C1855}.Release|Any CPU.Build.0 = Release|Any CPU
	EndGlobalSection
	GlobalSection(SolutionProperties) = preSolution
		HideSolutionNode = FALSE
	EndGlobalSection
	GlobalSection(ExtensibilityGlobals) = postSolution
		SolutionGuid = {A64E8C47-D843-41C6-A014-DE6A9C0D60F1}
	EndGlobalSection
EndGlobal
